
Microsoft Visual Studio Solution File, Format Version 12.00
# Visual Studio 14
VisualStudioVersion = 14.0.25420.1
MinimumVisualStudioVersion = 10.0.40219.1
Project("{2150E333-8FDC-42A3-9474-1A3956D46DE8}") = "Data", "Data", "{894980B2-0FF7-434F-A8B0-E1E48A15CDBA}"
EndProject
Project("{2150E333-8FDC-42A3-9474-1A3956D46DE8}") = "Service", "Service", "{723A41C7-7EBE-4A71-8D66-54C60F0D5C70}"
EndProject
Project("{2150E333-8FDC-42A3-9474-1A3956D46DE8}") = "Database", "Database", "{39FE5642-A111-4BAA-8A50-7F0CDC8229AD}"
EndProject
Project("{2150E333-8FDC-42A3-9474-1A3956D46DE8}") = "Web", "Web", "{246B5971-F856-4942-A82C-0676158C69AB}"
EndProject
Project("{FAE04EC0-301F-11D3-BF4B-00C04F79EFBC}") = "Ares.Web.Admin", "Ares.Web.Admin\Ares.Web.Admin.csproj", "{58D55674-BF4F-4381-9AF3-A4ED6C1BFFAA}"
EndProject
Project("{FAE04EC0-301F-11D3-BF4B-00C04F79EFBC}") = "Ares.WebApi", "Ares.WebApi\Ares.WebApi.csproj", "{93881256-B3A1-44A1-959B-CB7CA067FB80}"
EndProject
Project("{FAE04EC0-301F-11D3-BF4B-00C04F79EFBC}") = "Ares.Data.Ef", "Ares.Data.Ef\Ares.Data.Ef.csproj", "{258DC0CD-5FCA-4D54-98EE-D7D40D34BB6B}"
EndProject
Project("{2150E333-8FDC-42A3-9474-1A3956D46DE8}") = "Core", "Core", "{0258514F-737B-46F0-8D44-020481EF3BB1}"
EndProject
Project("{FAE04EC0-301F-11D3-BF4B-00C04F79EFBC}") = "Ares.Core", "Ares.Core\Ares.Core.csproj", "{6F059027-E727-4DED-90E7-01B6DCA0B239}"
EndProject
Project("{00D1A9C2-B5F0-4AF3-8072-F6C62B433612}") = "Ares.Database", "Ares.Database\Ares.Database.sqlproj", "{29CCFA9C-FF81-4C11-9C85-11C063446199}"
EndProject
Project("{2150E333-8FDC-42A3-9474-1A3956D46DE8}") = "Infrastructure", "Infrastructure", "{D2F59C4A-FDE1-4FF4-B3D0-87F0D1818272}"
EndProject
Project("{FAE04EC0-301F-11D3-BF4B-00C04F79EFBC}") = "Ares.Infrastructure", "Ares.Infrastructure\Ares.Infrastructure.csproj", "{778D695D-B080-4FD6-BE6F-0683320F63A5}"
EndProject
Project("{2150E333-8FDC-42A3-9474-1A3956D46DE8}") = "CodeGeneration", "CodeGeneration", "{AD98C84B-8B4C-4570-AD14-BCB4E759291E}"
EndProject
Project("{FAE04EC0-301F-11D3-BF4B-00C04F79EFBC}") = "Ares.CodeGeneration", "Ares.CodeGeneration\Ares.CodeGeneration.csproj", "{8A604787-2681-4FB6-9F78-26CCA1F00CAB}"
EndProject
Project("{FAE04EC0-301F-11D3-BF4B-00C04F79EFBC}") = "Ares.BusinessManager", "Ares.BusinessManager\Ares.BusinessManager.csproj", "{71DFBA5C-9B43-40FC-B6C2-A206EB9D6BC3}"
EndProject
Global
	GlobalSection(SolutionConfigurationPlatforms) = preSolution
		Debug|Any CPU = Debug|Any CPU
		Release|Any CPU = Release|Any CPU
	EndGlobalSection
	GlobalSection(ProjectConfigurationPlatforms) = postSolution
		{58D55674-BF4F-4381-9AF3-A4ED6C1BFFAA}.Debug|Any CPU.ActiveCfg = Debug|Any CPU
		{58D55674-BF4F-4381-9AF3-A4ED6C1BFFAA}.Debug|Any CPU.Build.0 = Debug|Any CPU
		{58D55674-BF4F-4381-9AF3-A4ED6C1BFFAA}.Release|Any CPU.ActiveCfg = Release|Any CPU
		{58D55674-BF4F-4381-9AF3-A4ED6C1BFFAA}.Release|Any CPU.Build.0 = Release|Any CPU
		{93881256-B3A1-44A1-959B-CB7CA067FB80}.Debug|Any CPU.ActiveCfg = Debug|Any CPU
		{93881256-B3A1-44A1-959B-CB7CA067FB80}.Debug|Any CPU.Build.0 = Debug|Any CPU
		{93881256-B3A1-44A1-959B-CB7CA067FB80}.Release|Any CPU.ActiveCfg = Release|Any CPU
		{93881256-B3A1-44A1-959B-CB7CA067FB80}.Release|Any CPU.Build.0 = Release|Any CPU
		{258DC0CD-5FCA-4D54-98EE-D7D40D34BB6B}.Debug|Any CPU.ActiveCfg = Debug|Any CPU
		{258DC0CD-5FCA-4D54-98EE-D7D40D34BB6B}.Debug|Any CPU.Build.0 = Debug|Any CPU
		{258DC0CD-5FCA-4D54-98EE-D7D40D34BB6B}.Release|Any CPU.ActiveCfg = Release|Any CPU
		{258DC0CD-5FCA-4D54-98EE-D7D40D34BB6B}.Release|Any CPU.Build.0 = Release|Any CPU
		{6F059027-E727-4DED-90E7-01B6DCA0B239}.Debug|Any CPU.ActiveCfg = Debug|Any CPU
		{6F059027-E727-4DED-90E7-01B6DCA0B239}.Debug|Any CPU.Build.0 = Debug|Any CPU
		{6F059027-E727-4DED-90E7-01B6DCA0B239}.Release|Any CPU.ActiveCfg = Release|Any CPU
		{6F059027-E727-4DED-90E7-01B6DCA0B239}.Release|Any CPU.Build.0 = Release|Any CPU
		{29CCFA9C-FF81-4C11-9C85-11C063446199}.Debug|Any CPU.ActiveCfg = Debug|Any CPU
		{29CCFA9C-FF81-4C11-9C85-11C063446199}.Debug|Any CPU.Build.0 = Debug|Any CPU
		{29CCFA9C-FF81-4C11-9C85-11C063446199}.Debug|Any CPU.Deploy.0 = Debug|Any CPU
		{29CCFA9C-FF81-4C11-9C85-11C063446199}.Release|Any CPU.ActiveCfg = Release|Any CPU
		{29CCFA9C-FF81-4C11-9C85-11C063446199}.Release|Any CPU.Build.0 = Release|Any CPU
		{29CCFA9C-FF81-4C11-9C85-11C063446199}.Release|Any CPU.Deploy.0 = Release|Any CPU
		{778D695D-B080-4FD6-BE6F-0683320F63A5}.Debug|Any CPU.ActiveCfg = Debug|Any CPU
		{778D695D-B080-4FD6-BE6F-0683320F63A5}.Debug|Any CPU.Build.0 = Debug|Any CPU
		{778D695D-B080-4FD6-BE6F-0683320F63A5}.Release|Any CPU.ActiveCfg = Release|Any CPU
		{778D695D-B080-4FD6-BE6F-0683320F63A5}.Release|Any CPU.Build.0 = Release|Any CPU
		{8A604787-2681-4FB6-9F78-26CCA1F00CAB}.Debug|Any CPU.ActiveCfg = Debug|Any CPU
		{8A604787-2681-4FB6-9F78-26CCA1F00CAB}.Debug|Any CPU.Build.0 = Debug|Any CPU
		{8A604787-2681-4FB6-9F78-26CCA1F00CAB}.Release|Any CPU.ActiveCfg = Release|Any CPU
		{8A604787-2681-4FB6-9F78-26CCA1F00CAB}.Release|Any CPU.Build.0 = Release|Any CPU
		{71DFBA5C-9B43-40FC-B6C2-A206EB9D6BC3}.Debug|Any CPU.ActiveCfg = Debug|Any CPU
		{71DFBA5C-9B43-40FC-B6C2-A206EB9D6BC3}.Debug|Any CPU.Build.0 = Debug|Any CPU
		{71DFBA5C-9B43-40FC-B6C2-A206EB9D6BC3}.Release|Any CPU.ActiveCfg = Release|Any CPU
		{71DFBA5C-9B43-40FC-B6C2-A206EB9D6BC3}.Release|Any CPU.Build.0 = Release|Any CPU
	EndGlobalSection
	GlobalSection(SolutionProperties) = preSolution
		HideSolutionNode = FALSE
	EndGlobalSection
	GlobalSection(NestedProjects) = preSolution
		{58D55674-BF4F-4381-9AF3-A4ED6C1BFFAA} = {246B5971-F856-4942-A82C-0676158C69AB}
		{93881256-B3A1-44A1-959B-CB7CA067FB80} = {723A41C7-7EBE-4A71-8D66-54C60F0D5C70}
		{258DC0CD-5FCA-4D54-98EE-D7D40D34BB6B} = {894980B2-0FF7-434F-A8B0-E1E48A15CDBA}
		{6F059027-E727-4DED-90E7-01B6DCA0B239} = {0258514F-737B-46F0-8D44-020481EF3BB1}
		{29CCFA9C-FF81-4C11-9C85-11C063446199} = {39FE5642-A111-4BAA-8A50-7F0CDC8229AD}
		{778D695D-B080-4FD6-BE6F-0683320F63A5} = {D2F59C4A-FDE1-4FF4-B3D0-87F0D1818272}
		{8A604787-2681-4FB6-9F78-26CCA1F00CAB} = {AD98C84B-8B4C-4570-AD14-BCB4E759291E}
		{71DFBA5C-9B43-40FC-B6C2-A206EB9D6BC3} = {723A41C7-7EBE-4A71-8D66-54C60F0D5C70}
	EndGlobalSection
EndGlobal
